<Solution>
    <Folder Name="/src/">
        <Project Path="src/Scdl.Core/Scdl.Core.csproj" />
        <Project Path="src/Scdl.Cli/Scdl.Cli.csproj" />
    </Folder>
    <Folder Name="/src/Aspire/">
        <Project Path="src/Aspire/Scdl.AppHost/Scdl.AppHost.csproj" />
    </Folder>
    <Folder Name="/tests/">
        <Project Path="tests/Scdl.Core.Tests/Scdl.Core.Tests.csproj" />
        <Project Path="tests/Scdl.Cli.Tests/Scdl.Cli.Tests.csproj" />
    </Folder>
    <Folder Name="/_solution items/">
        <File Path=".editorconfig" />
        <File Path=".gitattributes" />
        <File Path=".gitignore" />
        <File Path="build.ps1" />
        <File Path="Directory.Build.props" />
        <File Path="Directory.Packages.props" />
        <File Path=".config/dotnet-tools.json" />
        <File Path=".mcp.json" />
        <File Path=".release-please-manifest.json" />
        <File Path="release-please-config.json" />
        <File Path="AGENTS.md" />
        <File Path="aspire.config.json" />
        <File Path="CLAUDE.md" />
        <File Path="global.json" />
        <File Path="nuget.config" />
        <File Path="README.source.md" />
    </Folder>
    <Folder Name="/_solution items/agents/">
        <File Path=".agents/README.md" />
        <File Path=".agents/skills/analyzer-gates/SKILL.md" />
        <File Path=".agents/skills/errors-and-exit-codes/SKILL.md" />
        <File Path=".agents/skills/publish-native-aot/SKILL.md" />
        <File Path=".agents/skills/soundcloud-ladder/SKILL.md" />
        <File Path=".agents/skills/tunit-testing/SKILL.md" />
    </Folder>
</Solution>
